// !$*UTF8*$!
{
	archiveVersion = 1;
	classes = {
	};
	objectVersion = 50;
	objects = {

/* Begin PBXBuildFile section */
		934FE803260CDB9E0083C515 /* AuthenticationViewModel.swift in Sources */ = {isa = PBXBuildFile; fileRef = 934FE802260CDB9E0083C515 /* AuthenticationViewModel.swift */; };
		9367124926063E4A00325659 /* AppDelegate.swift in Sources */ = {isa = PBXBuildFile; fileRef = 9367124826063E4A00325659 /* AppDelegate.swift */; };
		9367124B26063E4A00325659 /* SceneDelegate.swift in Sources */ = {isa = PBXBuildFile; fileRef = 9367124A26063E4A00325659 /* SceneDelegate.swift */; };
		9367125226063E4C00325659 /* Assets.xcassets in Resources */ = {isa = PBXBuildFile; fileRef = 9367125126063E4C00325659 /* Assets.xcassets */; };
		9367125526063E4C00325659 /* LaunchScreen.storyboard in Resources */ = {isa = PBXBuildFile; fileRef = 9367125326063E4C00325659 /* LaunchScreen.storyboard */; };
		9367126126063EB200325659 /* LoginViewController.swift in Sources */ = {isa = PBXBuildFile; fileRef = 9367126026063EB200325659 /* LoginViewController.swift */; };
		937737F52607982600BCA744 /* Extension.swift in Sources */ = {isa = PBXBuildFile; fileRef = 937737F42607982600BCA744 /* Extension.swift */; };
		9385E9622608D2E700604F61 /* CostumButton.swift in Sources */ = {isa = PBXBuildFile; fileRef = 9385E9612608D2E700604F61 /* CostumButton.swift */; };
		9385E9652608D65C00604F61 /* CostumTextButton.swift in Sources */ = {isa = PBXBuildFile; fileRef = 9385E9642608D65C00604F61 /* CostumTextButton.swift */; };
		9385E9682609221C00604F61 /* CostumImageButton.swift in Sources */ = {isa = PBXBuildFile; fileRef = 9385E9672609221C00604F61 /* CostumImageButton.swift */; };
		9385E96D2609EB6700604F61 /* ResetPasswordController.swift in Sources */ = {isa = PBXBuildFile; fileRef = 9385E96C2609EB6700604F61 /* ResetPasswordController.swift */; };
		9385E9722609F80A00604F61 /* CostumImageView.swift in Sources */ = {isa = PBXBuildFile; fileRef = 9385E9712609F80A00604F61 /* CostumImageView.swift */; };
		9385E975260A12C000604F61 /* CostumRegistrationTF.swift in Sources */ = {isa = PBXBuildFile; fileRef = 9385E974260A12C000604F61 /* CostumRegistrationTF.swift */; };
		93C2CAF12607B115002C6714 /* CostumLabel.swift in Sources */ = {isa = PBXBuildFile; fileRef = 93C2CAF02607B115002C6714 /* CostumLabel.swift */; };
		93C2CAF92607B7FC002C6714 /* Sen-Bold.ttf in Resources */ = {isa = PBXBuildFile; fileRef = 93C2CAF62607B7FC002C6714 /* Sen-Bold.ttf */; };
		93C2CAFA2607B7FC002C6714 /* Sen-Regular.ttf in Resources */ = {isa = PBXBuildFile; fileRef = 93C2CAF72607B7FC002C6714 /* Sen-Regular.ttf */; };
		93C2CAFB2607B7FC002C6714 /* Sen-ExtraBold.ttf in Resources */ = {isa = PBXBuildFile; fileRef = 93C2CAF82607B7FC002C6714 /* Sen-ExtraBold.ttf */; };
		93C4CCBC26089BB30008C5B9 /* CostumTextFields.swift in Sources */ = {isa = PBXBuildFile; fileRef = 93C4CCBB26089BB30008C5B9 /* CostumTextFields.swift */; };
		93F48598260A896E00454884 /* SendMailController.swift in Sources */ = {isa = PBXBuildFile; fileRef = 93F48597260A896E00454884 /* SendMailController.swift */; };
		93F4859C260AA30C00454884 /* RegistrationController.swift in Sources */ = {isa = PBXBuildFile; fileRef = 93F4859B260AA30C00454884 /* RegistrationController.swift */; };
/* End PBXBuildFile section */

/* Begin PBXFileReference section */
		934FE802260CDB9E0083C515 /* AuthenticationViewModel.swift */ = {isa = PBXFileReference; lastKnownFileType = sourcecode.swift; path = AuthenticationViewModel.swift; sourceTree = "<group>"; };
		9367124526063E4A00325659 /* MyCarr.Onboarding.app */ = {isa = PBXFileReference; explicitFileType = wrapper.application; includeInIndex = 0; path = MyCarr.Onboarding.app; sourceTree = BUILT_PRODUCTS_DIR; };
		9367124826063E4A00325659 /* AppDelegate.swift */ = {isa = PBXFileReference; lastKnownFileType = sourcecode.swift; path = AppDelegate.swift; sourceTree = "<group>"; };
		9367124A26063E4A00325659 /* SceneDelegate.swift */ = {isa = PBXFileReference; lastKnownFileType = sourcecode.swift; path = SceneDelegate.swift; sourceTree = "<group>"; };
		9367125126063E4C00325659 /* Assets.xcassets */ = {isa = PBXFileReference; lastKnownFileType = folder.assetcatalog; path = Assets.xcassets; sourceTree = "<group>"; };
		9367125426063E4C00325659 /* Base */ = {isa = PBXFileReference; lastKnownFileType = file.storyboard; name = Base; path = Base.lproj/LaunchScreen.storyboard; sourceTree = "<group>"; };
		9367125626063E4C00325659 /* Info.plist */ = {isa = PBXFileReference; lastKnownFileType = text.plist.xml; path = Info.plist; sourceTree = "<group>"; };
		9367126026063EB200325659 /* LoginViewController.swift */ = {isa = PBXFileReference; lastKnownFileType = sourcecode.swift; path = LoginViewController.swift; sourceTree = "<group>"; };
		937737F42607982600BCA744 /* Extension.swift */ = {isa = PBXFileReference; lastKnownFileType = sourcecode.swift; path = Extension.swift; sourceTree = "<group>"; };
		9385E9612608D2E700604F61 /* CostumButton.swift */ = {isa = PBXFileReference; lastKnownFileType = sourcecode.swift; path = CostumButton.swift; sourceTree = "<group>"; };
		9385E9642608D65C00604F61 /* CostumTextButton.swift */ = {isa = PBXFileReference; lastKnownFileType = sourcecode.swift; path = CostumTextButton.swift; sourceTree = "<group>"; };
		9385E9672609221C00604F61 /* CostumImageButton.swift */ = {isa = PBXFileReference; lastKnownFileType = sourcecode.swift; path = CostumImageButton.swift; sourceTree = "<group>"; };
		9385E96C2609EB6700604F61 /* ResetPasswordController.swift */ = {isa = PBXFileReference; lastKnownFileType = sourcecode.swift; path = ResetPasswordController.swift; sourceTree = "<group>"; };
		9385E9712609F80A00604F61 /* CostumImageView.swift */ = {isa = PBXFileReference; lastKnownFileType = sourcecode.swift; path = CostumImageView.swift; sourceTree = "<group>"; };
		9385E974260A12C000604F61 /* CostumRegistrationTF.swift */ = {isa = PBXFileReference; lastKnownFileType = sourcecode.swift; path = CostumRegistrationTF.swift; sourceTree = "<group>"; };
		93C2CAF02607B115002C6714 /* CostumLabel.swift */ = {isa = PBXFileReference; lastKnownFileType = sourcecode.swift; path = CostumLabel.swift; sourceTree = "<group>"; };
		93C2CAF62607B7FC002C6714 /* Sen-Bold.ttf */ = {isa = PBXFileReference; lastKnownFileType = file; path = "Sen-Bold.ttf"; sourceTree = "<group>"; };
		93C2CAF72607B7FC002C6714 /* Sen-Regular.ttf */ = {isa = PBXFileReference; lastKnownFileType = file; path = "Sen-Regular.ttf"; sourceTree = "<group>"; };
		93C2CAF82607B7FC002C6714 /* Sen-ExtraBold.ttf */ = {isa = PBXFileReference; lastKnownFileType = file; path = "Sen-ExtraBold.ttf"; sourceTree = "<group>"; };
		93C4CCBB26089BB30008C5B9 /* CostumTextFields.swift */ = {isa = PBXFileReference; lastKnownFileType = sourcecode.swift; path = CostumTextFields.swift; sourceTree = "<group>"; };
		93F48597260A896E00454884 /* SendMailController.swift */ = {isa = PBXFileReference; lastKnownFileType = sourcecode.swift; path = SendMailController.swift; sourceTree = "<group>"; };
		93F4859B260AA30C00454884 /* RegistrationController.swift */ = {isa = PBXFileReference; lastKnownFileType = sourcecode.swift; path = RegistrationController.swift; sourceTree = "<group>"; };
/* End PBXFileReference section */

/* Begin PBXFrameworksBuildPhase section */
		9367124226063E4A00325659 /* Frameworks */ = {
			isa = PBXFrameworksBuildPhase;
			buildActionMask = 2147483647;
			files = (
			);
			runOnlyForDeploymentPostprocessing = 0;
		};
/* End PBXFrameworksBuildPhase section */

/* Begin PBXGroup section */
		9367123C26063E4A00325659 = {
			isa = PBXGroup;
			children = (
				9367124726063E4A00325659 /* MyCarr.Onboarding */,
				9367124626063E4A00325659 /* Products */,
			);
			sourceTree = "<group>";
		};
		9367124626063E4A00325659 /* Products */ = {
			isa = PBXGroup;
			children = (
				9367124526063E4A00325659 /* MyCarr.Onboarding.app */,
			);
			name = Products;
			sourceTree = "<group>";
		};
		9367124726063E4A00325659 /* MyCarr.Onboarding */ = {
			isa = PBXGroup;
			children = (
				9367124826063E4A00325659 /* AppDelegate.swift */,
				9367124A26063E4A00325659 /* SceneDelegate.swift */,
				937737ED2607969200BCA744 /* Model */,
				937737F12607972F00BCA744 /* View */,
				937737EF2607972C00BCA744 /* ViewModel */,
				937737F02607972D00BCA744 /* Controllers */,
				9367125126063E4C00325659 /* Assets.xcassets */,
				9367125326063E4C00325659 /* LaunchScreen.storyboard */,
				937737F22607976100BCA744 /* Extensions */,
				9367125626063E4C00325659 /* Info.plist */,
			);
			path = MyCarr.Onboarding;
			sourceTree = "<group>";
		};
		937737ED2607969200BCA744 /* Model */ = {
			isa = PBXGroup;
			children = (
			);
			path = Model;
			sourceTree = "<group>";
		};
		937737EF2607972C00BCA744 /* ViewModel */ = {
			isa = PBXGroup;
			children = (
				934FE802260CDB9E0083C515 /* AuthenticationViewModel.swift */,
			);
			path = ViewModel;
			sourceTree = "<group>";
		};
		937737F02607972D00BCA744 /* Controllers */ = {
			isa = PBXGroup;
			children = (
				937737F3260797D600BCA744 /* Authentication */,
			);
			path = Controllers;
			sourceTree = "<group>";
		};
		937737F12607972F00BCA744 /* View */ = {
			isa = PBXGroup;
			children = (
				93C2CAF02607B115002C6714 /* CostumLabel.swift */,
				93C4CCBB26089BB30008C5B9 /* CostumTextFields.swift */,
				9385E9612608D2E700604F61 /* CostumButton.swift */,
				9385E9672609221C00604F61 /* CostumImageButton.swift */,
				9385E9642608D65C00604F61 /* CostumTextButton.swift */,
				9385E9712609F80A00604F61 /* CostumImageView.swift */,
				9385E974260A12C000604F61 /* CostumRegistrationTF.swift */,
			);
			path = View;
			sourceTree = "<group>";
		};
		937737F22607976100BCA744 /* Extensions */ = {
			isa = PBXGroup;
			children = (
				93C2CAF52607B7D4002C6714 /* Font */,
				937737F42607982600BCA744 /* Extension.swift */,
			);
			path = Extensions;
			sourceTree = "<group>";
		};
		937737F3260797D600BCA744 /* Authentication */ = {
			isa = PBXGroup;
			children = (
				93F4859A260AA2F700454884 /* Registration */,
				9385E96B2609EB4F00604F61 /* Login */,
			);
			path = Authentication;
			sourceTree = "<group>";
		};
		9385E96B2609EB4F00604F61 /* Login */ = {
			isa = PBXGroup;
			children = (
				9367126026063EB200325659 /* LoginViewController.swift */,
				9385E96C2609EB6700604F61 /* ResetPasswordController.swift */,
				93F48597260A896E00454884 /* SendMailController.swift */,
			);
			path = Login;
			sourceTree = "<group>";
		};
		93C2CAF52607B7D4002C6714 /* Font */ = {
			isa = PBXGroup;
			children = (
				93C2CAF62607B7FC002C6714 /* Sen-Bold.ttf */,
				93C2CAF82607B7FC002C6714 /* Sen-ExtraBold.ttf */,
				93C2CAF72607B7FC002C6714 /* Sen-Regular.ttf */,
			);
			path = Font;
			sourceTree = "<group>";
		};
		93F4859A260AA2F700454884 /* Registration */ = {
			isa = PBXGroup;
			children = (
				93F4859B260AA30C00454884 /* RegistrationController.swift */,
			);
			path = Registration;
			sourceTree = "<group>";
		};
/* End PBXGroup section */

/* Begin PBXNativeTarget section */
		9367124426063E4A00325659 /* MyCarr.Onboarding */ = {
			isa = PBXNativeTarget;
			buildConfigurationList = 9367125926063E4C00325659 /* Build configuration list for PBXNativeTarget "MyCarr.Onboarding" */;
			buildPhases = (
				9367124126063E4A00325659 /* Sources */,
				9367124226063E4A00325659 /* Frameworks */,
				9367124326063E4A00325659 /* Resources */,
			);
			buildRules = (
			);
			dependencies = (
			);
			name = MyCarr.Onboarding;
			productName = MyCarr.Onboarding;
			productReference = 9367124526063E4A00325659 /* MyCarr.Onboarding.app */;
			productType = "com.apple.product-type.application";
		};
/* End PBXNativeTarget section */

/* Begin PBXProject section */
		9367123D26063E4A00325659 /* Project object */ = {
			isa = PBXProject;
			attributes = {
				LastSwiftUpdateCheck = 1240;
				LastUpgradeCheck = 1240;
				TargetAttributes = {
					9367124426063E4A00325659 = {
						CreatedOnToolsVersion = 12.4;
					};
				};
			};
			buildConfigurationList = 9367124026063E4A00325659 /* Build configuration list for PBXProject "MyCarr.Onboarding" */;
			compatibilityVersion = "Xcode 9.3";
			developmentRegion = en;
			hasScannedForEncodings = 0;
			knownRegions = (
				en,
				Base,
			);
			mainGroup = 9367123C26063E4A00325659;
			productRefGroup = 9367124626063E4A00325659 /* Products */;
			projectDirPath = "";
			projectRoot = "";
			targets = (
				9367124426063E4A00325659 /* MyCarr.Onboarding */,
			);
		};
/* End PBXProject section */

/* Begin PBXResourcesBuildPhase section */
		9367124326063E4A00325659 /* Resources */ = {
			isa = PBXResourcesBuildPhase;
			buildActionMask = 2147483647;
			files = (
				93C2CAFA2607B7FC002C6714 /* Sen-Regular.ttf in Resources */,
				9367125526063E4C00325659 /* LaunchScreen.storyboard in Resources */,
				93C2CAFB2607B7FC002C6714 /* Sen-ExtraBold.ttf in Resources */,
				93C2CAF92607B7FC002C6714 /* Sen-Bold.ttf in Resources */,
				9367125226063E4C00325659 /* Assets.xcassets in Resources */,
			);
			runOnlyForDeploymentPostprocessing = 0;
		};
/* End PBXResourcesBuildPhase section */

/* Begin PBXSourcesBuildPhase section */
		9367124126063E4A00325659 /* Sources */ = {
			isa = PBXSourcesBuildPhase;
			buildActionMask = 2147483647;
			files = (
				93F4859C260AA30C00454884 /* RegistrationController.swift in Sources */,
				93C4CCBC26089BB30008C5B9 /* CostumTextFields.swift in Sources */,
				93C2CAF12607B115002C6714 /* CostumLabel.swift in Sources */,
				9367126126063EB200325659 /* LoginViewController.swift in Sources */,
				9385E9722609F80A00604F61 /* CostumImageView.swift in Sources */,
				9385E9682609221C00604F61 /* CostumImageButton.swift in Sources */,
				934FE803260CDB9E0083C515 /* AuthenticationViewModel.swift in Sources */,
				9367124926063E4A00325659 /* AppDelegate.swift in Sources */,
				9385E9622608D2E700604F61 /* CostumButton.swift in Sources */,
				9385E9652608D65C00604F61 /* CostumTextButton.swift in Sources */,
				93F48598260A896E00454884 /* SendMailController.swift in Sources */,
				9367124B26063E4A00325659 /* SceneDelegate.swift in Sources */,
				9385E975260A12C000604F61 /* CostumRegistrationTF.swift in Sources */,
				9385E96D2609EB6700604F61 /* ResetPasswordController.swift in Sources */,
				937737F52607982600BCA744 /* Extension.swift in Sources */,
			);
			runOnlyForDeploymentPostprocessing = 0;
		};
/* End PBXSourcesBuildPhase section */

/* Begin PBXVariantGroup section */
		9367125326063E4C00325659 /* LaunchScreen.storyboard */ = {
			isa = PBXVariantGroup;
			children = (
				9367125426063E4C00325659 /* Base */,
			);
			name = LaunchScreen.storyboard;
			sourceTree = "<group>";
		};
/* End PBXVariantGroup section */

/* Begin XCBuildConfiguration section */
		9367125726063E4C00325659 /* Debug */ = {
			isa = XCBuildConfiguration;
			buildSettings = {
				ALWAYS_SEARCH_USER_PATHS = NO;
				CLANG_ANALYZER_NONNULL = YES;
				CLANG_ANALYZER_NUMBER_OBJECT_CONVERSION = YES_AGGRESSIVE;
				CLANG_CXX_LANGUAGE_STANDARD = "gnu++14";
				CLANG_CXX_LIBRARY = "libc++";
				CLANG_ENABLE_MODULES = YES;
				CLANG_ENABLE_OBJC_ARC = YES;
				CLANG_ENABLE_OBJC_WEAK = YES;
				CLANG_WARN_BLOCK_CAPTURE_AUTORELEASING = YES;
				CLANG_WARN_BOOL_CONVERSION = YES;
				CLANG_WARN_COMMA = YES;
				CLANG_WARN_CONSTANT_CONVERSION = YES;
				CLANG_WARN_DEPRECATED_OBJC_IMPLEMENTATIONS = YES;
				CLANG_WARN_DIRECT_OBJC_ISA_USAGE = YES_ERROR;
				CLANG_WARN_DOCUMENTATION_COMMENTS = YES;
				CLANG_WARN_EMPTY_BODY = YES;
				CLANG_WARN_ENUM_CONVERSION = YES;
				CLANG_WARN_INFINITE_RECURSION = YES;
				CLANG_WARN_INT_CONVERSION = YES;
				CLANG_WARN_NON_LITERAL_NULL_CONVERSION = YES;
				CLANG_WARN_OBJC_IMPLICIT_RETAIN_SELF = YES;
				CLANG_WARN_OBJC_LITERAL_CONVERSION = YES;
				CLANG_WARN_OBJC_ROOT_CLASS = YES_ERROR;
				CLANG_WARN_QUOTED_INCLUDE_IN_FRAMEWORK_HEADER = YES;
				CLANG_WARN_RANGE_LOOP_ANALYSIS = YES;
				CLANG_WARN_STRICT_PROTOTYPES = YES;
				CLANG_WARN_SUSPICIOUS_MOVE = YES;
				CLANG_WARN_UNGUARDED_AVAILABILITY = YES_AGGRESSIVE;
				CLANG_WARN_UNREACHABLE_CODE = YES;
				CLANG_WARN__DUPLICATE_METHOD_MATCH = YES;
				COPY_PHASE_STRIP = NO;
				DEBUG_INFORMATION_FORMAT = dwarf;
				ENABLE_STRICT_OBJC_MSGSEND = YES;
				ENABLE_TESTABILITY = YES;
				GCC_C_LANGUAGE_STANDARD = gnu11;
				GCC_DYNAMIC_NO_PIC = NO;
				GCC_NO_COMMON_BLOCKS = YES;
				GCC_OPTIMIZATION_LEVEL = 0;
				GCC_PREPROCESSOR_DEFINITIONS = (
					"DEBUG=1",
					"$(inherited)",
				);
				GCC_WARN_64_TO_32_BIT_CONVERSION = YES;
				GCC_WARN_ABOUT_RETURN_TYPE = YES_ERROR;
				GCC_WARN_UNDECLARED_SELECTOR = YES;
				GCC_WARN_UNINITIALIZED_AUTOS = YES_AGGRESSIVE;
				GCC_WARN_UNUSED_FUNCTION = YES;
				GCC_WARN_UNUSED_VARIABLE = YES;
				IPHONEOS_DEPLOYMENT_TARGET = 14.4;
				MTL_ENABLE_DEBUG_INFO = INCLUDE_SOURCE;
				MTL_FAST_MATH = YES;
				ONLY_ACTIVE_ARCH = YES;
				SDKROOT = iphoneos;
				SWIFT_ACTIVE_COMPILATION_CONDITIONS = DEBUG;
				SWIFT_OPTIMIZATION_LEVEL = "-Onone";
			};
			name = Debug;
		};
		9367125826063E4C00325659 /* Release */ = {
			isa = XCBuildConfiguration;
			buildSettings = {
				ALWAYS_SEARCH_USER_PATHS = NO;
				CLANG_ANALYZER_NONNULL = YES;
				CLANG_ANALYZER_NUMBER_OBJECT_CONVERSION = YES_AGGRESSIVE;
				CLANG_CXX_LANGUAGE_STANDARD = "gnu++14";
				CLANG_CXX_LIBRARY = "libc++";
				CLANG_ENABLE_MODULES = YES;
				CLANG_ENABLE_OBJC_ARC = YES;
				CLANG_ENABLE_OBJC_WEAK = YES;
				CLANG_WARN_BLOCK_CAPTURE_AUTORELEASING = YES;
				CLANG_WARN_BOOL_CONVERSION = YES;
				CLANG_WARN_COMMA = YES;
				CLANG_WARN_CONSTANT_CONVERSION = YES;
				CLANG_WARN_DEPRECATED_OBJC_IMPLEMENTATIONS = YES;
				CLANG_WARN_DIRECT_OBJC_ISA_USAGE = YES_ERROR;
				CLANG_WARN_DOCUMENTATION_COMMENTS = YES;
				CLANG_WARN_EMPTY_BODY = YES;
				CLANG_WARN_ENUM_CONVERSION = YES;
				CLANG_WARN_INFINITE_RECURSION = YES;
				CLANG_WARN_INT_CONVERSION = YES;
				CLANG_WARN_NON_LITERAL_NULL_CONVERSION = YES;
				CLANG_WARN_OBJC_IMPLICIT_RETAIN_SELF = YES;
				CLANG_WARN_OBJC_LITERAL_CONVERSION = YES;
				CLANG_WARN_OBJC_ROOT_CLASS = YES_ERROR;
				CLANG_WARN_QUOTED_INCLUDE_IN_FRAMEWORK_HEADER = YES;
				CLANG_WARN_RANGE_LOOP_ANALYSIS = YES;
				CLANG_WARN_STRICT_PROTOTYPES = YES;
				CLANG_WARN_SUSPICIOUS_MOVE = YES;
				CLANG_WARN_UNGUARDED_AVAILABILITY = YES_AGGRESSIVE;
				CLANG_WARN_UNREACHABLE_CODE = YES;
				CLANG_WARN__DUPLICATE_METHOD_MATCH = YES;
				COPY_PHASE_STRIP = NO;
				DEBUG_INFORMATION_FORMAT = "dwarf-with-dsym";
				ENABLE_NS_ASSERTIONS = NO;
				ENABLE_STRICT_OBJC_MSGSEND = YES;
				GCC_C_LANGUAGE_STANDARD = gnu11;
				GCC_NO_COMMON_BLOCKS = YES;
				GCC_WARN_64_TO_32_BIT_CONVERSION = YES;
				GCC_WARN_ABOUT_RETURN_TYPE = YES_ERROR;
				GCC_WARN_UNDECLARED_SELECTOR = YES;
				GCC_WARN_UNINITIALIZED_AUTOS = YES_AGGRESSIVE;
				GCC_WARN_UNUSED_FUNCTION = YES;
				GCC_WARN_UNUSED_VARIABLE = YES;
				IPHONEOS_DEPLOYMENT_TARGET = 14.4;
				MTL_ENABLE_DEBUG_INFO = NO;
				MTL_FAST_MATH = YES;
				SDKROOT = iphoneos;
				SWIFT_COMPILATION_MODE = wholemodule;
				SWIFT_OPTIMIZATION_LEVEL = "-O";
				VALIDATE_PRODUCT = YES;
			};
			name = Release;
		};
		9367125A26063E4C00325659 /* Debug */ = {
			isa = XCBuildConfiguration;
			buildSettings = {
				ASSETCATALOG_COMPILER_APPICON_NAME = AppIcon;
				ASSETCATALOG_COMPILER_GLOBAL_ACCENT_COLOR_NAME = AccentColor;
				CODE_SIGN_STYLE = Automatic;
				DEVELOPMENT_TEAM = 8RH4482R36;
				INFOPLIST_FILE = MyCarr.Onboarding/Info.plist;
				LD_RUNPATH_SEARCH_PATHS = (
					"$(inherited)",
					"@executable_path/Frameworks",
				);
				PRODUCT_BUNDLE_IDENTIFIER = "MyCarrr.MyCarr-Onboarding";
				PRODUCT_NAME = "$(TARGET_NAME)";
				SWIFT_VERSION = 5.0;
				TARGETED_DEVICE_FAMILY = "1,2";
			};
			name = Debug;
		};
		9367125B26063E4C00325659 /* Release */ = {
			isa = XCBuildConfiguration;
			buildSettings = {
				ASSETCATALOG_COMPILER_APPICON_NAME = AppIcon;
				ASSETCATALOG_COMPILER_GLOBAL_ACCENT_COLOR_NAME = AccentColor;
				CODE_SIGN_STYLE = Automatic;
				DEVELOPMENT_TEAM = 8RH4482R36;
				INFOPLIST_FILE = MyCarr.Onboarding/Info.plist;
				LD_RUNPATH_SEARCH_PATHS = (
					"$(inherited)",
					"@executable_path/Frameworks",
				);
				PRODUCT_BUNDLE_IDENTIFIER = "MyCarrr.MyCarr-Onboarding";
				PRODUCT_NAME = "$(TARGET_NAME)";
				SWIFT_VERSION = 5.0;
				TARGETED_DEVICE_FAMILY = "1,2";
			};
			name = Release;
		};
/* End XCBuildConfiguration section */

/* Begin XCConfigurationList section */
		9367124026063E4A00325659 /* Build configuration list for PBXProject "MyCarr.Onboarding" */ = {
			isa = XCConfigurationList;
			buildConfigurations = (
				9367125726063E4C00325659 /* Debug */,
				9367125826063E4C00325659 /* Release */,
			);
			defaultConfigurationIsVisible = 0;
			defaultConfigurationName = Release;
		};
		9367125926063E4C00325659 /* Build configuration list for PBXNativeTarget "MyCarr.Onboarding" */ = {
			isa = XCConfigurationList;
			buildConfigurations = (
				9367125A26063E4C00325659 /* Debug */,
				9367125B26063E4C00325659 /* Release */,
			);
			defaultConfigurationIsVisible = 0;
			defaultConfigurationName = Release;
		};
/* End XCConfigurationList section */
	};
	rootObject = 9367123D26063E4A00325659 /* Project object */;
}
